
Microsoft Visual Studio Solution File, Format Version 12.00
Project("{FAE04EC0-301F-11D3-BF4B-00C04F79EFBC}") = "TgBotGuide.Domain", "TgBotGuide.Domain\TgBotGuide.Domain.csproj", "{A55CCAAB-EB7C-4F62-9BF5-B73826772EEB}"
EndProject
Project("{FAE04EC0-301F-11D3-BF4B-00C04F79EFBC}") = "TgBotGuide.Application", "TgBotGuide.Application\TgBotGuide.Application.csproj", "{ECD84326-8607-4BEA-BFD5-F0DB352EC834}"
EndProject
Project("{2150E333-8FDC-42A3-9474-1A3956D46DE8}") = "Infrastructure", "Infrastructure", "{66F0593A-E122-4ECE-B998-EB22C07C5B72}"
EndProject
Project("{2150E333-8FDC-42A3-9474-1A3956D46DE8}") = "Application", "Application", "{CD8D646D-E7D9-4DC7-9DB2-5FA4CBF7F230}"
EndProject
Project("{2150E333-8FDC-42A3-9474-1A3956D46DE8}") = "API", "API", "{30A783CE-75A5-4D4B-A5C9-B75EFBE58023}"
EndProject
Project("{2150E333-8FDC-42A3-9474-1A3956D46DE8}") = "Domain", "Domain", "{EEC5D5CE-105A-4FF6-A659-56AF71C1436F}"
EndProject
Project("{FAE04EC0-301F-11D3-BF4B-00C04F79EFBC}") = "TgBotGuide.Bot", "TgBotGuide.Bot\TgBotGuide.Bot.csproj", "{3E7EFBD8-A478-44FC-A7EF-6384785499B9}"
EndProject
Project("{FAE04EC0-301F-11D3-BF4B-00C04F79EFBC}") = "TgBotGuide.Infrastructure.DataBase", "TgBotGuide.Infrastructure.DataBase\TgBotGuide.Infrastructure.DataBase.csproj", "{945B5E3A-D68E-440D-A123-52768E1C35A6}"
EndProject
Project("{FAE04EC0-301F-11D3-BF4B-00C04F79EFBC}") = "TgBotGuide.Infrastructure.Migrator", "TgBotGuide.Infrastructure.Migrator\TgBotGuide.Infrastructure.Migrator.csproj", "{342B56BF-3CFA-47A5-AD65-3DAB9CB503AF}"
EndProject
Project("{FAE04EC0-301F-11D3-BF4B-00C04F79EFBC}") = "TgBotGuide.API", "TgBotGuide.API\TgBotGuide.API.csproj", "{DFCC3103-A4D5-4FE5-8DE9-C8C3327096AA}"
EndProject
Project("{2150E333-8FDC-42A3-9474-1A3956D46DE8}") = "SolutionItems", "SolutionItems", "{B73738E5-562B-4189-8362-8E34E5E352C8}"
	ProjectSection(SolutionItems) = preProject
		.env = .env
		docker-compose.yml = docker-compose.yml
	EndProjectSection
EndProject
Global
	GlobalSection(SolutionConfigurationPlatforms) = preSolution
		Debug|Any CPU = Debug|Any CPU
		Release|Any CPU = Release|Any CPU
	EndGlobalSection
	GlobalSection(ProjectConfigurationPlatforms) = postSolution
		{A55CCAAB-EB7C-4F62-9BF5-B73826772EEB}.Debug|Any CPU.ActiveCfg = Debug|Any CPU
		{A55CCAAB-EB7C-4F62-9BF5-B73826772EEB}.Debug|Any CPU.Build.0 = Debug|Any CPU
		{A55CCAAB-EB7C-4F62-9BF5-B73826772EEB}.Release|Any CPU.ActiveCfg = Release|Any CPU
		{A55CCAAB-EB7C-4F62-9BF5-B73826772EEB}.Release|Any CPU.Build.0 = Release|Any CPU
		{ECD84326-8607-4BEA-BFD5-F0DB352EC834}.Debug|Any CPU.ActiveCfg = Debug|Any CPU
		{ECD84326-8607-4BEA-BFD5-F0DB352EC834}.Debug|Any CPU.Build.0 = Debug|Any CPU
		{ECD84326-8607-4BEA-BFD5-F0DB352EC834}.Release|Any CPU.ActiveCfg = Release|Any CPU
		{ECD84326-8607-4BEA-BFD5-F0DB352EC834}.Release|Any CPU.Build.0 = Release|Any CPU
		{3E7EFBD8-A478-44FC-A7EF-6384785499B9}.Debug|Any CPU.ActiveCfg = Debug|Any CPU
		{3E7EFBD8-A478-44FC-A7EF-6384785499B9}.Debug|Any CPU.Build.0 = Debug|Any CPU
		{3E7EFBD8-A478-44FC-A7EF-6384785499B9}.Release|Any CPU.ActiveCfg = Release|Any CPU
		{3E7EFBD8-A478-44FC-A7EF-6384785499B9}.Release|Any CPU.Build.0 = Release|Any CPU
		{945B5E3A-D68E-440D-A123-52768E1C35A6}.Debug|Any CPU.ActiveCfg = Debug|Any CPU
		{945B5E3A-D68E-440D-A123-52768E1C35A6}.Debug|Any CPU.Build.0 = Debug|Any CPU
		{945B5E3A-D68E-440D-A123-52768E1C35A6}.Release|Any CPU.ActiveCfg = Release|Any CPU
		{945B5E3A-D68E-440D-A123-52768E1C35A6}.Release|Any CPU.Build.0 = Release|Any CPU
		{342B56BF-3CFA-47A5-AD65-3DAB9CB503AF}.Debug|Any CPU.ActiveCfg = Debug|Any CPU
		{342B56BF-3CFA-47A5-AD65-3DAB9CB503AF}.Debug|Any CPU.Build.0 = Debug|Any CPU
		{342B56BF-3CFA-47A5-AD65-3DAB9CB503AF}.Release|Any CPU.ActiveCfg = Release|Any CPU
		{342B56BF-3CFA-47A5-AD65-3DAB9CB503AF}.Release|Any CPU.Build.0 = Release|Any CPU
		{DFCC3103-A4D5-4FE5-8DE9-C8C3327096AA}.Debug|Any CPU.ActiveCfg = Debug|Any CPU
		{DFCC3103-A4D5-4FE5-8DE9-C8C3327096AA}.Debug|Any CPU.Build.0 = Debug|Any CPU
		{DFCC3103-A4D5-4FE5-8DE9-C8C3327096AA}.Release|Any CPU.ActiveCfg = Release|Any CPU
		{DFCC3103-A4D5-4FE5-8DE9-C8C3327096AA}.Release|Any CPU.Build.0 = Release|Any CPU
	EndGlobalSection
	GlobalSection(NestedProjects) = preSolution
		{ECD84326-8607-4BEA-BFD5-F0DB352EC834} = {CD8D646D-E7D9-4DC7-9DB2-5FA4CBF7F230}
		{A55CCAAB-EB7C-4F62-9BF5-B73826772EEB} = {EEC5D5CE-105A-4FF6-A659-56AF71C1436F}
		{3E7EFBD8-A478-44FC-A7EF-6384785499B9} = {30A783CE-75A5-4D4B-A5C9-B75EFBE58023}
		{945B5E3A-D68E-440D-A123-52768E1C35A6} = {66F0593A-E122-4ECE-B998-EB22C07C5B72}
		{342B56BF-3CFA-47A5-AD65-3DAB9CB503AF} = {66F0593A-E122-4ECE-B998-EB22C07C5B72}
		{DFCC3103-A4D5-4FE5-8DE9-C8C3327096AA} = {30A783CE-75A5-4D4B-A5C9-B75EFBE58023}
	EndGlobalSection
EndGlobal
